
Microsoft Visual Studio Solution File, Format Version 12.00
# Visual Studio Version 17
VisualStudioVersion = 17.10.35013.160
MinimumVisualStudioVersion = 10.0.40219.1
Project("{FAE04EC0-301F-11D3-BF4B-00C04F79EFBC}") = "DogApp", "DogApp\DogApp.csproj", "{AED2790C-ED1D-40E8-98C6-D27AD5B150C9}"
EndProject
Global
	GlobalSection(SolutionConfigurationPlatforms) = preSolution
		Debug|Any CPU = Debug|Any CPU
		Release|Any CPU = Release|Any CPU
	EndGlobalSection
	GlobalSection(ProjectConfigurationPlatforms) = postSolution
		{AED2790C-ED1D-40E8-98C6-D27AD5B150C9}.Debug|Any CPU.ActiveCfg = Debug|Any CPU
		{AED2790C-ED1D-40E8-98C6-D27AD5B150C9}.Debug|Any CPU.Build.0 = Debug|Any CPU
		{AED2790C-ED1D-40E8-98C6-D27AD5B150C9}.Release|Any CPU.ActiveCfg = Release|Any CPU
		{AED2790C-ED1D-40E8-98C6-D27AD5B150C9}.Release|Any CPU.Build.0 = Release|Any CPU
	EndGlobalSection
	GlobalSection(SolutionProperties) = preSolution
		HideSolutionNode = FALSE
	EndGlobalSection
	GlobalSection(ExtensibilityGlobals) = postSolution
		SolutionGuid = {EC1EFDD7-65E2-4856-83A7-91EFF175FFDD}
	EndGlobalSection
EndGlobal
